<Solution>
  <Folder Name="/samples/">
    <Project Path="samples/Counter/Counter.csproj" />
    <Project Path="samples/TodoList/TodoList.csproj" />
    <Project Path="samples/StratumDemo/StratumDemo.csproj" />
  </Folder>
  <Folder Name="/src/">
    <Project Path="src/Stratum.Controls/Stratum.Controls.csproj" />
    <Project Path="src/Stratum.Core/Stratum.Core.csproj" />
    <Project Path="src/Stratum.DSL/Stratum.DSL.csproj" />`n    <Project Path="src/Stratum.Generator/Stratum.Generator.csproj" />
    <Project Path="src/Stratum.Runtime/Stratum.Runtime.csproj" />
  </Folder>
  <Folder Name="/tests/">
    <Project Path="tests/Stratum.Tests/Stratum.Tests.csproj" />
  </Folder>
</Solution>

